// !$*UTF8*$!
{
	archiveVersion = 1;
	classes = {
	};
	objectVersion = 50;
	objects = {

/* Begin PBXBuildFile section */
		19008A4F234C7C6600F56E57 /* JXTableListViewController.swift in Sources */ = {isa = PBXBuildFile; fileRef = 19008A48234C7C6500F56E57 /* JXTableListViewController.swift */; };
		19008A50234C7C6600F56E57 /* JXFilePreviewViewController.swift in Sources */ = {isa = PBXBuildFile; fileRef = 19008A49234C7C6500F56E57 /* JXFilePreviewViewController.swift */; };
		19008A51234C7C6600F56E57 /* JXDatabaseConnector.swift in Sources */ = {isa = PBXBuildFile; fileRef = 19008A4A234C7C6500F56E57 /* JXDatabaseConnector.swift */; };
		19008A52234C7C6600F56E57 /* ExcelView.swift in Sources */ = {isa = PBXBuildFile; fileRef = 19008A4B234C7C6500F56E57 /* ExcelView.swift */; };
		19008A53234C7C6600F56E57 /* JXTableContentViewController.swift in Sources */ = {isa = PBXBuildFile; fileRef = 19008A4C234C7C6500F56E57 /* JXTableContentViewController.swift */; };
		19008A54234C7C6600F56E57 /* JXFileBrowserController.swift in Sources */ = {isa = PBXBuildFile; fileRef = 19008A4D234C7C6500F56E57 /* JXFileBrowserController.swift */; };
		19008A55234C7C6600F56E57 /* JXTextPreviewViewController.swift in Sources */ = {isa = PBXBuildFile; fileRef = 19008A4E234C7C6600F56E57 /* JXTextPreviewViewController.swift */; };
		192AC5AA20EF7749003F478C /* AppDelegate.swift in Sources */ = {isa = PBXBuildFile; fileRef = 192AC5A920EF7749003F478C /* AppDelegate.swift */; };
		192AC5AC20EF7749003F478C /* ViewController.swift in Sources */ = {isa = PBXBuildFile; fileRef = 192AC5AB20EF7749003F478C /* ViewController.swift */; };
		192AC5AF20EF7749003F478C /* Main.storyboard in Resources */ = {isa = PBXBuildFile; fileRef = 192AC5AD20EF7749003F478C /* Main.storyboard */; };
		192AC5B120EF774C003F478C /* Assets.xcassets in Resources */ = {isa = PBXBuildFile; fileRef = 192AC5B020EF774C003F478C /* Assets.xcassets */; };
		192AC5B420EF774C003F478C /* LaunchScreen.storyboard in Resources */ = {isa = PBXBuildFile; fileRef = 192AC5B220EF774C003F478C /* LaunchScreen.storyboard */; };
		1957E18720F2FEC7005D3B48 /* 920b2e6e474407b3e51c679642391fcf.png in Resources */ = {isa = PBXBuildFile; fileRef = 1957E18620F2FEC7005D3B48 /* 920b2e6e474407b3e51c679642391fcf.png */; };
		1957E18B20F33C8B005D3B48 /* WX20180709-144726@2x.png in Resources */ = {isa = PBXBuildFile; fileRef = 1957E18A20F33C8B005D3B48 /* WX20180709-144726@2x.png */; };
		1957E18E20F35D3C005D3B48 /* FileBrowser.gif in Resources */ = {isa = PBXBuildFile; fileRef = 1957E18D20F35D3C005D3B48 /* FileBrowser.gif */; };
/* End PBXBuildFile section */

/* Begin PBXFileReference section */
		19008A48234C7C6500F56E57 /* JXTableListViewController.swift */ = {isa = PBXFileReference; fileEncoding = 4; lastKnownFileType = sourcecode.swift; path = JXTableListViewController.swift; sourceTree = "<group>"; };
		19008A49234C7C6500F56E57 /* JXFilePreviewViewController.swift */ = {isa = PBXFileReference; fileEncoding = 4; lastKnownFileType = sourcecode.swift; path = JXFilePreviewViewController.swift; sourceTree = "<group>"; };
		19008A4A234C7C6500F56E57 /* JXDatabaseConnector.swift */ = {isa = PBXFileReference; fileEncoding = 4; lastKnownFileType = sourcecode.swift; path = JXDatabaseConnector.swift; sourceTree = "<group>"; };
		19008A4B234C7C6500F56E57 /* ExcelView.swift */ = {isa = PBXFileReference; fileEncoding = 4; lastKnownFileType = sourcecode.swift; path = ExcelView.swift; sourceTree = "<group>"; };
		19008A4C234C7C6500F56E57 /* JXTableContentViewController.swift */ = {isa = PBXFileReference; fileEncoding = 4; lastKnownFileType = sourcecode.swift; path = JXTableContentViewController.swift; sourceTree = "<group>"; };
		19008A4D234C7C6500F56E57 /* JXFileBrowserController.swift */ = {isa = PBXFileReference; fileEncoding = 4; lastKnownFileType = sourcecode.swift; path = JXFileBrowserController.swift; sourceTree = "<group>"; };
		19008A4E234C7C6600F56E57 /* JXTextPreviewViewController.swift */ = {isa = PBXFileReference; fileEncoding = 4; lastKnownFileType = sourcecode.swift; path = JXTextPreviewViewController.swift; sourceTree = "<group>"; };
		192AC5A620EF7749003F478C /* JXFileBrowserController.app */ = {isa = PBXFileReference; explicitFileType = wrapper.application; includeInIndex = 0; path = JXFileBrowserController.app; sourceTree = BUILT_PRODUCTS_DIR; };
		192AC5A920EF7749003F478C /* AppDelegate.swift */ = {isa = PBXFileReference; lastKnownFileType = sourcecode.swift; path = AppDelegate.swift; sourceTree = "<group>"; };
		192AC5AB20EF7749003F478C /* ViewController.swift */ = {isa = PBXFileReference; lastKnownFileType = sourcecode.swift; path = ViewController.swift; sourceTree = "<group>"; };
		192AC5AE20EF7749003F478C /* Base */ = {isa = PBXFileReference; lastKnownFileType = file.storyboard; name = Base; path = Base.lproj/Main.storyboard; sourceTree = "<group>"; };
		192AC5B020EF774C003F478C /* Assets.xcassets */ = {isa = PBXFileReference; lastKnownFileType = folder.assetcatalog; path = Assets.xcassets; sourceTree = "<group>"; };
		192AC5B320EF774C003F478C /* Base */ = {isa = PBXFileReference; lastKnownFileType = file.storyboard; name = Base; path = Base.lproj/LaunchScreen.storyboard; sourceTree = "<group>"; };
		192AC5B520EF774C003F478C /* Info.plist */ = {isa = PBXFileReference; lastKnownFileType = text.plist.xml; path = Info.plist; sourceTree = "<group>"; };
		1957E18620F2FEC7005D3B48 /* 920b2e6e474407b3e51c679642391fcf.png */ = {isa = PBXFileReference; lastKnownFileType = image.png; path = 920b2e6e474407b3e51c679642391fcf.png; sourceTree = "<group>"; };
		1957E18A20F33C8B005D3B48 /* WX20180709-144726@2x.png */ = {isa = PBXFileReference; lastKnownFileType = image.png; path = "WX20180709-144726@2x.png"; sourceTree = "<group>"; };
		1957E18D20F35D3C005D3B48 /* FileBrowser.gif */ = {isa = PBXFileReference; lastKnownFileType = image.gif; path = FileBrowser.gif; sourceTree = "<group>"; };
/* End PBXFileReference section */

/* Begin PBXFrameworksBuildPhase section */
		192AC5A320EF7749003F478C /* Frameworks */ = {
			isa = PBXFrameworksBuildPhase;
			buildActionMask = 2147483647;
			files = (
			);
			runOnlyForDeploymentPostprocessing = 0;
		};
/* End PBXFrameworksBuildPhase section */

/* Begin PBXGroup section */
		19008A2B234C73F900F56E57 /* Sources */ = {
			isa = PBXGroup;
			children = (
				19008A4B234C7C6500F56E57 /* ExcelView.swift */,
				19008A4A234C7C6500F56E57 /* JXDatabaseConnector.swift */,
				19008A4D234C7C6500F56E57 /* JXFileBrowserController.swift */,
				19008A49234C7C6500F56E57 /* JXFilePreviewViewController.swift */,
				19008A4C234C7C6500F56E57 /* JXTableContentViewController.swift */,
				19008A48234C7C6500F56E57 /* JXTableListViewController.swift */,
				19008A4E234C7C6600F56E57 /* JXTextPreviewViewController.swift */,
			);
			path = Sources;
			sourceTree = SOURCE_ROOT;
		};
		192AC59D20EF7749003F478C = {
			isa = PBXGroup;
			children = (
				192AC5A820EF7749003F478C /* JXFileBrowserController */,
				192AC5A720EF7749003F478C /* Products */,
			);
			sourceTree = "<group>";
		};
		192AC5A720EF7749003F478C /* Products */ = {
			isa = PBXGroup;
			children = (
				192AC5A620EF7749003F478C /* JXFileBrowserController.app */,
			);
			name = Products;
			sourceTree = "<group>";
		};
		192AC5A820EF7749003F478C /* JXFileBrowserController */ = {
			isa = PBXGroup;
			children = (
				19008A2B234C73F900F56E57 /* Sources */,
				1957E18C20F35D2C005D3B48 /* Gif */,
				192AC5A920EF7749003F478C /* AppDelegate.swift */,
				192AC5AB20EF7749003F478C /* ViewController.swift */,
				1957E18620F2FEC7005D3B48 /* 920b2e6e474407b3e51c679642391fcf.png */,
				1957E18A20F33C8B005D3B48 /* WX20180709-144726@2x.png */,
				192AC5AD20EF7749003F478C /* Main.storyboard */,
				192AC5B020EF774C003F478C /* Assets.xcassets */,
				192AC5B220EF774C003F478C /* LaunchScreen.storyboard */,
				192AC5B520EF774C003F478C /* Info.plist */,
			);
			path = JXFileBrowserController;
			sourceTree = "<group>";
		};
		1957E18C20F35D2C005D3B48 /* Gif */ = {
			isa = PBXGroup;
			children = (
				1957E18D20F35D3C005D3B48 /* FileBrowser.gif */,
			);
			path = Gif;
			sourceTree = "<group>";
		};
/* End PBXGroup section */

/* Begin PBXNativeTarget section */
		192AC5A520EF7749003F478C /* JXFileBrowserController */ = {
			isa = PBXNativeTarget;
			buildConfigurationList = 192AC5B820EF774C003F478C /* Build configuration list for PBXNativeTarget "JXFileBrowserController" */;
			buildPhases = (
				192AC5A220EF7749003F478C /* Sources */,
				192AC5A320EF7749003F478C /* Frameworks */,
				192AC5A420EF7749003F478C /* Resources */,
			);
			buildRules = (
			);
			dependencies = (
			);
			name = JXFileBrowserController;
			productName = JXFileBrowserController;
			productReference = 192AC5A620EF7749003F478C /* JXFileBrowserController.app */;
			productType = "com.apple.product-type.application";
		};
/* End PBXNativeTarget section */

/* Begin PBXProject section */
		192AC59E20EF7749003F478C /* Project object */ = {
			isa = PBXProject;
			attributes = {
				LastSwiftUpdateCheck = 0940;
				LastUpgradeCheck = 0940;
				ORGANIZATIONNAME = jiaxin;
				TargetAttributes = {
					192AC5A520EF7749003F478C = {
						CreatedOnToolsVersion = 9.4;
					};
				};
			};
			buildConfigurationList = 192AC5A120EF7749003F478C /* Build configuration list for PBXProject "JXFileBrowserController" */;
			compatibilityVersion = "Xcode 9.3";
			developmentRegion = en;
			hasScannedForEncodings = 0;
			knownRegions = (
				en,
				Base,
			);
			mainGroup = 192AC59D20EF7749003F478C;
			productRefGroup = 192AC5A720EF7749003F478C /* Products */;
			projectDirPath = "";
			projectRoot = "";
			targets = (
				192AC5A520EF7749003F478C /* JXFileBrowserController */,
			);
		};
/* End PBXProject section */

/* Begin PBXResourcesBuildPhase section */
		192AC5A420EF7749003F478C /* Resources */ = {
			isa = PBXResourcesBuildPhase;
			buildActionMask = 2147483647;
			files = (
				192AC5B420EF774C003F478C /* LaunchScreen.storyboard in Resources */,
				1957E18E20F35D3C005D3B48 /* FileBrowser.gif in Resources */,
				1957E18720F2FEC7005D3B48 /* 920b2e6e474407b3e51c679642391fcf.png in Resources */,
				192AC5B120EF774C003F478C /* Assets.xcassets in Resources */,
				192AC5AF20EF7749003F478C /* Main.storyboard in Resources */,
				1957E18B20F33C8B005D3B48 /* WX20180709-144726@2x.png in Resources */,
			);
			runOnlyForDeploymentPostprocessing = 0;
		};
/* End PBXResourcesBuildPhase section */

/* Begin PBXSourcesBuildPhase section */
		192AC5A220EF7749003F478C /* Sources */ = {
			isa = PBXSourcesBuildPhase;
			buildActionMask = 2147483647;
			files = (
				192AC5AC20EF7749003F478C /* ViewController.swift in Sources */,
				19008A50234C7C6600F56E57 /* JXFilePreviewViewController.swift in Sources */,
				19008A55234C7C6600F56E57 /* JXTextPreviewViewController.swift in Sources */,
				19008A54234C7C6600F56E57 /* JXFileBrowserController.swift in Sources */,
				19008A52234C7C6600F56E57 /* ExcelView.swift in Sources */,
				19008A51234C7C6600F56E57 /* JXDatabaseConnector.swift in Sources */,
				192AC5AA20EF7749003F478C /* AppDelegate.swift in Sources */,
				19008A4F234C7C6600F56E57 /* JXTableListViewController.swift in Sources */,
				19008A53234C7C6600F56E57 /* JXTableContentViewController.swift in Sources */,
			);
			runOnlyForDeploymentPostprocessing = 0;
		};
/* End PBXSourcesBuildPhase section */

/* Begin PBXVariantGroup section */
		192AC5AD20EF7749003F478C /* Main.storyboard */ = {
			isa = PBXVariantGroup;
			children = (
				192AC5AE20EF7749003F478C /* Base */,
			);
			name = Main.storyboard;
			sourceTree = "<group>";
		};
		192AC5B220EF774C003F478C /* LaunchScreen.storyboard */ = {
			isa = PBXVariantGroup;
			children = (
				192AC5B320EF774C003F478C /* Base */,
			);
			name = LaunchScreen.storyboard;
			sourceTree = "<group>";
		};
/* End PBXVariantGroup section */

/* Begin XCBuildConfiguration section */
		192AC5B620EF774C003F478C /* Debug */ = {
			isa = XCBuildConfiguration;
			buildSettings = {
				ALWAYS_SEARCH_USER_PATHS = NO;
				CLANG_ANALYZER_NONNULL = YES;
				CLANG_ANALYZER_NUMBER_OBJECT_CONVERSION = YES_AGGRESSIVE;
				CLANG_CXX_LANGUAGE_STANDARD = "gnu++14";
				CLANG_CXX_LIBRARY = "libc++";
				CLANG_ENABLE_MODULES = YES;
				CLANG_ENABLE_OBJC_ARC = YES;
				CLANG_ENABLE_OBJC_WEAK = YES;
				CLANG_WARN_BLOCK_CAPTURE_AUTORELEASING = YES;
				CLANG_WARN_BOOL_CONVERSION = YES;
				CLANG_WARN_COMMA = YES;
				CLANG_WARN_CONSTANT_CONVERSION = YES;
				CLANG_WARN_DEPRECATED_OBJC_IMPLEMENTATIONS = YES;
				CLANG_WARN_DIRECT_OBJC_ISA_USAGE = YES_ERROR;
				CLANG_WARN_DOCUMENTATION_COMMENTS = YES;
				CLANG_WARN_EMPTY_BODY = YES;
				CLANG_WARN_ENUM_CONVERSION = YES;
				CLANG_WARN_INFINITE_RECURSION = YES;
				CLANG_WARN_INT_CONVERSION = YES;
				CLANG_WARN_NON_LITERAL_NULL_CONVERSION = YES;
				CLANG_WARN_OBJC_IMPLICIT_RETAIN_SELF = YES;
				CLANG_WARN_OBJC_LITERAL_CONVERSION = YES;
				CLANG_WARN_OBJC_ROOT_CLASS = YES_ERROR;
				CLANG_WARN_RANGE_LOOP_ANALYSIS = YES;
				CLANG_WARN_STRICT_PROTOTYPES = YES;
				CLANG_WARN_SUSPICIOUS_MOVE = YES;
				CLANG_WARN_UNGUARDED_AVAILABILITY = YES_AGGRESSIVE;
				CLANG_WARN_UNREACHABLE_CODE = YES;
				CLANG_WARN__DUPLICATE_METHOD_MATCH = YES;
				CODE_SIGN_IDENTITY = "iPhone Developer";
				COPY_PHASE_STRIP = NO;
				DEBUG_INFORMATION_FORMAT = dwarf;
				ENABLE_STRICT_OBJC_MSGSEND = YES;
				ENABLE_TESTABILITY = YES;
				GCC_C_LANGUAGE_STANDARD = gnu11;
				GCC_DYNAMIC_NO_PIC = NO;
				GCC_NO_COMMON_BLOCKS = YES;
				GCC_OPTIMIZATION_LEVEL = 0;
				GCC_PREPROCESSOR_DEFINITIONS = (
					"DEBUG=1",
					"$(inherited)",
				);
				GCC_WARN_64_TO_32_BIT_CONVERSION = YES;
				GCC_WARN_ABOUT_RETURN_TYPE = YES_ERROR;
				GCC_WARN_UNDECLARED_SELECTOR = YES;
				GCC_WARN_UNINITIALIZED_AUTOS = YES_AGGRESSIVE;
				GCC_WARN_UNUSED_FUNCTION = YES;
				GCC_WARN_UNUSED_VARIABLE = YES;
				IPHONEOS_DEPLOYMENT_TARGET = 11.4;
				MTL_ENABLE_DEBUG_INFO = YES;
				ONLY_ACTIVE_ARCH = YES;
				SDKROOT = iphoneos;
				SWIFT_ACTIVE_COMPILATION_CONDITIONS = DEBUG;
				SWIFT_OPTIMIZATION_LEVEL = "-Onone";
			};
			name = Debug;
		};
		192AC5B720EF774C003F478C /* Release */ = {
			isa = XCBuildConfiguration;
			buildSettings = {
				ALWAYS_SEARCH_USER_PATHS = NO;
				CLANG_ANALYZER_NONNULL = YES;
				CLANG_ANALYZER_NUMBER_OBJECT_CONVERSION = YES_AGGRESSIVE;
				CLANG_CXX_LANGUAGE_STANDARD = "gnu++14";
				CLANG_CXX_LIBRARY = "libc++";
				CLANG_ENABLE_MODULES = YES;
				CLANG_ENABLE_OBJC_ARC = YES;
				CLANG_ENABLE_OBJC_WEAK = YES;
				CLANG_WARN_BLOCK_CAPTURE_AUTORELEASING = YES;
				CLANG_WARN_BOOL_CONVERSION = YES;
				CLANG_WARN_COMMA = YES;
				CLANG_WARN_CONSTANT_CONVERSION = YES;
				CLANG_WARN_DEPRECATED_OBJC_IMPLEMENTATIONS = YES;
				CLANG_WARN_DIRECT_OBJC_ISA_USAGE = YES_ERROR;
				CLANG_WARN_DOCUMENTATION_COMMENTS = YES;
				CLANG_WARN_EMPTY_BODY = YES;
				CLANG_WARN_ENUM_CONVERSION = YES;
				CLANG_WARN_INFINITE_RECURSION = YES;
				CLANG_WARN_INT_CONVERSION = YES;
				CLANG_WARN_NON_LITERAL_NULL_CONVERSION = YES;
				CLANG_WARN_OBJC_IMPLICIT_RETAIN_SELF = YES;
				CLANG_WARN_OBJC_LITERAL_CONVERSION = YES;
				CLANG_WARN_OBJC_ROOT_CLASS = YES_ERROR;
				CLANG_WARN_RANGE_LOOP_ANALYSIS = YES;
				CLANG_WARN_STRICT_PROTOTYPES = YES;
				CLANG_WARN_SUSPICIOUS_MOVE = YES;
				CLANG_WARN_UNGUARDED_AVAILABILITY = YES_AGGRESSIVE;
				CLANG_WARN_UNREACHABLE_CODE = YES;
				CLANG_WARN__DUPLICATE_METHOD_MATCH = YES;
				CODE_SIGN_IDENTITY = "iPhone Developer";
				COPY_PHASE_STRIP = NO;
				DEBUG_INFORMATION_FORMAT = "dwarf-with-dsym";
				ENABLE_NS_ASSERTIONS = NO;
				ENABLE_STRICT_OBJC_MSGSEND = YES;
				GCC_C_LANGUAGE_STANDARD = gnu11;
				GCC_NO_COMMON_BLOCKS = YES;
				GCC_WARN_64_TO_32_BIT_CONVERSION = YES;
				GCC_WARN_ABOUT_RETURN_TYPE = YES_ERROR;
				GCC_WARN_UNDECLARED_SELECTOR = YES;
				GCC_WARN_UNINITIALIZED_AUTOS = YES_AGGRESSIVE;
				GCC_WARN_UNUSED_FUNCTION = YES;
				GCC_WARN_UNUSED_VARIABLE = YES;
				IPHONEOS_DEPLOYMENT_TARGET = 11.4;
				MTL_ENABLE_DEBUG_INFO = NO;
				SDKROOT = iphoneos;
				SWIFT_COMPILATION_MODE = wholemodule;
				SWIFT_OPTIMIZATION_LEVEL = "-O";
				VALIDATE_PRODUCT = YES;
			};
			name = Release;
		};
		192AC5B920EF774C003F478C /* Debug */ = {
			isa = XCBuildConfiguration;
			buildSettings = {
				ASSETCATALOG_COMPILER_APPICON_NAME = AppIcon;
				CODE_SIGN_STYLE = Automatic;
				DEVELOPMENT_TEAM = 6Y4565ARQY;
				INFOPLIST_FILE = JXFileBrowserController/Info.plist;
				IPHONEOS_DEPLOYMENT_TARGET = 9.0;
				LD_RUNPATH_SEARCH_PATHS = (
					"$(inherited)",
					"@executable_path/Frameworks",
				);
				PRODUCT_BUNDLE_IDENTIFIER = jiaxin.JXFileBrowserController.test;
				PRODUCT_NAME = "$(TARGET_NAME)";
				SWIFT_VERSION = 5.0;
				TARGETED_DEVICE_FAMILY = 1;
			};
			name = Debug;
		};
		192AC5BA20EF774C003F478C /* Release */ = {
			isa = XCBuildConfiguration;
			buildSettings = {
				ASSETCATALOG_COMPILER_APPICON_NAME = AppIcon;
				CODE_SIGN_STYLE = Automatic;
				DEVELOPMENT_TEAM = 6Y4565ARQY;
				INFOPLIST_FILE = JXFileBrowserController/Info.plist;
				IPHONEOS_DEPLOYMENT_TARGET = 9.0;
				LD_RUNPATH_SEARCH_PATHS = (
					"$(inherited)",
					"@executable_path/Frameworks",
				);
				PRODUCT_BUNDLE_IDENTIFIER = jiaxin.JXFileBrowserController.test;
				PRODUCT_NAME = "$(TARGET_NAME)";
				SWIFT_VERSION = 5.0;
				TARGETED_DEVICE_FAMILY = 1;
			};
			name = Release;
		};
/* End XCBuildConfiguration section */

/* Begin XCConfigurationList section */
		192AC5A120EF7749003F478C /* Build configuration list for PBXProject "JXFileBrowserController" */ = {
			isa = XCConfigurationList;
			buildConfigurations = (
				192AC5B620EF774C003F478C /* Debug */,
				192AC5B720EF774C003F478C /* Release */,
			);
			defaultConfigurationIsVisible = 0;
			defaultConfigurationName = Release;
		};
		192AC5B820EF774C003F478C /* Build configuration list for PBXNativeTarget "JXFileBrowserController" */ = {
			isa = XCConfigurationList;
			buildConfigurations = (
				192AC5B920EF774C003F478C /* Debug */,
				192AC5BA20EF774C003F478C /* Release */,
			);
			defaultConfigurationIsVisible = 0;
			defaultConfigurationName = Release;
		};
/* End XCConfigurationList section */
	};
	rootObject = 192AC59E20EF7749003F478C /* Project object */;
}
